// !$*UTF8*$!
{
	archiveVersion = 1;
	classes = {
	};
	objectVersion = 56;
	objects = {

/* Begin PBXBuildFile section */
		1D4F1E502ABC37CF008F3FD2 /* AddColorViewController.swift in Sources */ = {isa = PBXBuildFile; fileRef = 1D4F1E4F2ABC37CF008F3FD2 /* AddColorViewController.swift */; };
		1D72C5282ABB0E8E009F67CD /* Extensions.swift in Sources */ = {isa = PBXBuildFile; fileRef = 1D72C5272ABB0E8E009F67CD /* Extensions.swift */; };
		1D95DC1A2AA08FDA0008444D /* ColorTableViewCell.swift in Sources */ = {isa = PBXBuildFile; fileRef = 1D95DC192AA08FDA0008444D /* ColorTableViewCell.swift */; };
		1D95DC1C2AA08FE40008444D /* ColorTableViewCell.xib in Resources */ = {isa = PBXBuildFile; fileRef = 1D95DC1B2AA08FE40008444D /* ColorTableViewCell.xib */; };
		1DA484C32ABC67A300A224E5 /* ColorSelectorViewController.swift in Sources */ = {isa = PBXBuildFile; fileRef = 1DA484C22ABC67A300A224E5 /* ColorSelectorViewController.swift */; };
		1DB8C6A12AAE035400A730A2 /* ColorManager.swift in Sources */ = {isa = PBXBuildFile; fileRef = 1DB8C6A02AAE035400A730A2 /* ColorManager.swift */; };
		1DD3645D2AB8933800463759 /* ColorsToolBar.swift in Sources */ = {isa = PBXBuildFile; fileRef = 1DD3645C2AB8933800463759 /* ColorsToolBar.swift */; };
		1DD3645F2AB89C6B00463759 /* ColorsToolBar.xib in Resources */ = {isa = PBXBuildFile; fileRef = 1DD3645E2AB89C6B00463759 /* ColorsToolBar.xib */; };
		1DFF94DE2A96055100391FBE /* AppDelegate.swift in Sources */ = {isa = PBXBuildFile; fileRef = 1DFF94DD2A96055100391FBE /* AppDelegate.swift */; };
		1DFF94E02A96055100391FBE /* SceneDelegate.swift in Sources */ = {isa = PBXBuildFile; fileRef = 1DFF94DF2A96055100391FBE /* SceneDelegate.swift */; };
		1DFF94E52A96055100391FBE /* Main.storyboard in Resources */ = {isa = PBXBuildFile; fileRef = 1DFF94E32A96055100391FBE /* Main.storyboard */; };
		1DFF94E72A96055100391FBE /* Assets.xcassets in Resources */ = {isa = PBXBuildFile; fileRef = 1DFF94E62A96055100391FBE /* Assets.xcassets */; };
		1DFF94EA2A96055100391FBE /* LaunchScreen.storyboard in Resources */ = {isa = PBXBuildFile; fileRef = 1DFF94E82A96055100391FBE /* LaunchScreen.storyboard */; };
		1DFF94F22A96068700391FBE /* ColorsViewController.swift in Sources */ = {isa = PBXBuildFile; fileRef = 1DFF94F12A96068700391FBE /* ColorsViewController.swift */; };
		1DFF94F42A96093C00391FBE /* ColorsModel.swift in Sources */ = {isa = PBXBuildFile; fileRef = 1DFF94F32A96093B00391FBE /* ColorsModel.swift */; };
/* End PBXBuildFile section */

/* Begin PBXFileReference section */
		1D4F1E4F2ABC37CF008F3FD2 /* AddColorViewController.swift */ = {isa = PBXFileReference; lastKnownFileType = sourcecode.swift; path = AddColorViewController.swift; sourceTree = "<group>"; };
		1D72C5272ABB0E8E009F67CD /* Extensions.swift */ = {isa = PBXFileReference; lastKnownFileType = sourcecode.swift; path = Extensions.swift; sourceTree = "<group>"; };
		1D95DC192AA08FDA0008444D /* ColorTableViewCell.swift */ = {isa = PBXFileReference; lastKnownFileType = sourcecode.swift; path = ColorTableViewCell.swift; sourceTree = "<group>"; };
		1D95DC1B2AA08FE40008444D /* ColorTableViewCell.xib */ = {isa = PBXFileReference; lastKnownFileType = file.xib; path = ColorTableViewCell.xib; sourceTree = "<group>"; };
		1DA484C22ABC67A300A224E5 /* ColorSelectorViewController.swift */ = {isa = PBXFileReference; lastKnownFileType = sourcecode.swift; path = ColorSelectorViewController.swift; sourceTree = "<group>"; };
		1DB8C6A02AAE035400A730A2 /* ColorManager.swift */ = {isa = PBXFileReference; lastKnownFileType = sourcecode.swift; path = ColorManager.swift; sourceTree = "<group>"; };
		1DD3645C2AB8933800463759 /* ColorsToolBar.swift */ = {isa = PBXFileReference; lastKnownFileType = sourcecode.swift; path = ColorsToolBar.swift; sourceTree = "<group>"; };
		1DD3645E2AB89C6B00463759 /* ColorsToolBar.xib */ = {isa = PBXFileReference; lastKnownFileType = file.xib; path = ColorsToolBar.xib; sourceTree = "<group>"; };
		1DFF94DA2A96055100391FBE /* ColorsDescriptor.app */ = {isa = PBXFileReference; explicitFileType = wrapper.application; includeInIndex = 0; path = ColorsDescriptor.app; sourceTree = BUILT_PRODUCTS_DIR; };
		1DFF94DD2A96055100391FBE /* AppDelegate.swift */ = {isa = PBXFileReference; lastKnownFileType = sourcecode.swift; path = AppDelegate.swift; sourceTree = "<group>"; };
		1DFF94DF2A96055100391FBE /* SceneDelegate.swift */ = {isa = PBXFileReference; lastKnownFileType = sourcecode.swift; path = SceneDelegate.swift; sourceTree = "<group>"; };
		1DFF94E42A96055100391FBE /* Base */ = {isa = PBXFileReference; lastKnownFileType = file.storyboard; name = Base; path = Base.lproj/Main.storyboard; sourceTree = "<group>"; };
		1DFF94E62A96055100391FBE /* Assets.xcassets */ = {isa = PBXFileReference; lastKnownFileType = folder.assetcatalog; path = Assets.xcassets; sourceTree = "<group>"; };
		1DFF94E92A96055100391FBE /* Base */ = {isa = PBXFileReference; lastKnownFileType = file.storyboard; name = Base; path = Base.lproj/LaunchScreen.storyboard; sourceTree = "<group>"; };
		1DFF94EB2A96055200391FBE /* Info.plist */ = {isa = PBXFileReference; lastKnownFileType = text.plist.xml; path = Info.plist; sourceTree = "<group>"; };
		1DFF94F12A96068700391FBE /* ColorsViewController.swift */ = {isa = PBXFileReference; lastKnownFileType = sourcecode.swift; path = ColorsViewController.swift; sourceTree = "<group>"; };
		1DFF94F32A96093B00391FBE /* ColorsModel.swift */ = {isa = PBXFileReference; lastKnownFileType = sourcecode.swift; path = ColorsModel.swift; sourceTree = "<group>"; };
/* End PBXFileReference section */

/* Begin PBXFrameworksBuildPhase section */
		1DFF94D72A96055100391FBE /* Frameworks */ = {
			isa = PBXFrameworksBuildPhase;
			buildActionMask = 2147483647;
			files = (
			);
			runOnlyForDeploymentPostprocessing = 0;
		};
/* End PBXFrameworksBuildPhase section */

/* Begin PBXGroup section */
		1D95DC182AA08FBD0008444D /* TableCell */ = {
			isa = PBXGroup;
			children = (
				1D95DC192AA08FDA0008444D /* ColorTableViewCell.swift */,
				1D95DC1B2AA08FE40008444D /* ColorTableViewCell.xib */,
			);
			path = TableCell;
			sourceTree = "<group>";
		};
		1DD364592AB8904600463759 /* ToolBar */ = {
			isa = PBXGroup;
			children = (
				1DD3645C2AB8933800463759 /* ColorsToolBar.swift */,
				1DD3645E2AB89C6B00463759 /* ColorsToolBar.xib */,
			);
			path = ToolBar;
			sourceTree = "<group>";
		};
		1DFF94D12A96055100391FBE = {
			isa = PBXGroup;
			children = (
				1DFF94DC2A96055100391FBE /* ColorsDescriptor */,
				1DFF94DB2A96055100391FBE /* Products */,
			);
			sourceTree = "<group>";
		};
		1DFF94DB2A96055100391FBE /* Products */ = {
			isa = PBXGroup;
			children = (
				1DFF94DA2A96055100391FBE /* ColorsDescriptor.app */,
			);
			name = Products;
			sourceTree = "<group>";
		};
		1DFF94DC2A96055100391FBE /* ColorsDescriptor */ = {
			isa = PBXGroup;
			children = (
				1DD364592AB8904600463759 /* ToolBar */,
				1D95DC182AA08FBD0008444D /* TableCell */,
				1DFF94F52A960DA700391FBE /* Delegate */,
				1DFF94F62A960DC600391FBE /* Storyboard */,
				1DFF94F72A960DD800391FBE /* ViewControllers */,
				1DFF94E62A96055100391FBE /* Assets.xcassets */,
				1DFF94EB2A96055200391FBE /* Info.plist */,
				1DFF94F82A960DE600391FBE /* Model */,
			);
			path = ColorsDescriptor;
			sourceTree = "<group>";
		};
		1DFF94F52A960DA700391FBE /* Delegate */ = {
			isa = PBXGroup;
			children = (
				1DFF94DF2A96055100391FBE /* SceneDelegate.swift */,
				1DFF94DD2A96055100391FBE /* AppDelegate.swift */,
			);
			path = Delegate;
			sourceTree = "<group>";
		};
		1DFF94F62A960DC600391FBE /* Storyboard */ = {
			isa = PBXGroup;
			children = (
				1DFF94E32A96055100391FBE /* Main.storyboard */,
				1DFF94E82A96055100391FBE /* LaunchScreen.storyboard */,
			);
			path = Storyboard;
			sourceTree = "<group>";
		};
		1DFF94F72A960DD800391FBE /* ViewControllers */ = {
			isa = PBXGroup;
			children = (
				1DA484C22ABC67A300A224E5 /* ColorSelectorViewController.swift */,
				1DFF94F12A96068700391FBE /* ColorsViewController.swift */,
				1D4F1E4F2ABC37CF008F3FD2 /* AddColorViewController.swift */,
			);
			path = ViewControllers;
			sourceTree = "<group>";
		};
		1DFF94F82A960DE600391FBE /* Model */ = {
			isa = PBXGroup;
			children = (
				1DB8C6A02AAE035400A730A2 /* ColorManager.swift */,
				1DFF94F32A96093B00391FBE /* ColorsModel.swift */,
				1D72C5272ABB0E8E009F67CD /* Extensions.swift */,
			);
			path = Model;
			sourceTree = "<group>";
		};
/* End PBXGroup section */

/* Begin PBXNativeTarget section */
		1DFF94D92A96055100391FBE /* ColorsDescriptor */ = {
			isa = PBXNativeTarget;
			buildConfigurationList = 1DFF94EE2A96055200391FBE /* Build configuration list for PBXNativeTarget "ColorsDescriptor" */;
			buildPhases = (
				1DFF94D62A96055100391FBE /* Sources */,
				1DFF94D72A96055100391FBE /* Frameworks */,
				1DFF94D82A96055100391FBE /* Resources */,
			);
			buildRules = (
			);
			dependencies = (
			);
			name = ColorsDescriptor;
			productName = ColorsDescriptor;
			productReference = 1DFF94DA2A96055100391FBE /* ColorsDescriptor.app */;
			productType = "com.apple.product-type.application";
		};
/* End PBXNativeTarget section */

/* Begin PBXProject section */
		1DFF94D22A96055100391FBE /* Project object */ = {
			isa = PBXProject;
			attributes = {
				BuildIndependentTargetsInParallel = 1;
				LastSwiftUpdateCheck = 1430;
				LastUpgradeCheck = 1430;
				TargetAttributes = {
					1DFF94D92A96055100391FBE = {
						CreatedOnToolsVersion = 14.3.1;
					};
				};
			};
			buildConfigurationList = 1DFF94D52A96055100391FBE /* Build configuration list for PBXProject "ColorsDescriptor" */;
			compatibilityVersion = "Xcode 14.0";
			developmentRegion = en;
			hasScannedForEncodings = 0;
			knownRegions = (
				en,
				Base,
			);
			mainGroup = 1DFF94D12A96055100391FBE;
			productRefGroup = 1DFF94DB2A96055100391FBE /* Products */;
			projectDirPath = "";
			projectRoot = "";
			targets = (
				1DFF94D92A96055100391FBE /* ColorsDescriptor */,
			);
		};
/* End PBXProject section */

/* Begin PBXResourcesBuildPhase section */
		1DFF94D82A96055100391FBE /* Resources */ = {
			isa = PBXResourcesBuildPhase;
			buildActionMask = 2147483647;
			files = (
				1DFF94EA2A96055100391FBE /* LaunchScreen.storyboard in Resources */,
				1D95DC1C2AA08FE40008444D /* ColorTableViewCell.xib in Resources */,
				1DFF94E72A96055100391FBE /* Assets.xcassets in Resources */,
				1DFF94E52A96055100391FBE /* Main.storyboard in Resources */,
				1DD3645F2AB89C6B00463759 /* ColorsToolBar.xib in Resources */,
			);
			runOnlyForDeploymentPostprocessing = 0;
		};
/* End PBXResourcesBuildPhase section */

/* Begin PBXSourcesBuildPhase section */
		1DFF94D62A96055100391FBE /* Sources */ = {
			isa = PBXSourcesBuildPhase;
			buildActionMask = 2147483647;
			files = (
				1D95DC1A2AA08FDA0008444D /* ColorTableViewCell.swift in Sources */,
				1DA484C32ABC67A300A224E5 /* ColorSelectorViewController.swift in Sources */,
				1DFF94F42A96093C00391FBE /* ColorsModel.swift in Sources */,
				1DD3645D2AB8933800463759 /* ColorsToolBar.swift in Sources */,
				1D72C5282ABB0E8E009F67CD /* Extensions.swift in Sources */,
				1D4F1E502ABC37CF008F3FD2 /* AddColorViewController.swift in Sources */,
				1DFF94DE2A96055100391FBE /* AppDelegate.swift in Sources */,
				1DB8C6A12AAE035400A730A2 /* ColorManager.swift in Sources */,
				1DFF94F22A96068700391FBE /* ColorsViewController.swift in Sources */,
				1DFF94E02A96055100391FBE /* SceneDelegate.swift in Sources */,
			);
			runOnlyForDeploymentPostprocessing = 0;
		};
/* End PBXSourcesBuildPhase section */

/* Begin PBXVariantGroup section */
		1DFF94E32A96055100391FBE /* Main.storyboard */ = {
			isa = PBXVariantGroup;
			children = (
				1DFF94E42A96055100391FBE /* Base */,
			);
			name = Main.storyboard;
			sourceTree = "<group>";
		};
		1DFF94E82A96055100391FBE /* LaunchScreen.storyboard */ = {
			isa = PBXVariantGroup;
			children = (
				1DFF94E92A96055100391FBE /* Base */,
			);
			name = LaunchScreen.storyboard;
			sourceTree = "<group>";
		};
/* End PBXVariantGroup section */

/* Begin XCBuildConfiguration section */
		1DFF94EC2A96055200391FBE /* Debug */ = {
			isa = XCBuildConfiguration;
			buildSettings = {
				ALWAYS_SEARCH_USER_PATHS = NO;
				CLANG_ANALYZER_NONNULL = YES;
				CLANG_ANALYZER_NUMBER_OBJECT_CONVERSION = YES_AGGRESSIVE;
				CLANG_CXX_LANGUAGE_STANDARD = "gnu++20";
				CLANG_ENABLE_MODULES = YES;
				CLANG_ENABLE_OBJC_ARC = YES;
				CLANG_ENABLE_OBJC_WEAK = YES;
				CLANG_WARN_BLOCK_CAPTURE_AUTORELEASING = YES;
				CLANG_WARN_BOOL_CONVERSION = YES;
				CLANG_WARN_COMMA = YES;
				CLANG_WARN_CONSTANT_CONVERSION = YES;
				CLANG_WARN_DEPRECATED_OBJC_IMPLEMENTATIONS = YES;
				CLANG_WARN_DIRECT_OBJC_ISA_USAGE = YES_ERROR;
				CLANG_WARN_DOCUMENTATION_COMMENTS = YES;
				CLANG_WARN_EMPTY_BODY = YES;
				CLANG_WARN_ENUM_CONVERSION = YES;
				CLANG_WARN_INFINITE_RECURSION = YES;
				CLANG_WARN_INT_CONVERSION = YES;
				CLANG_WARN_NON_LITERAL_NULL_CONVERSION = YES;
				CLANG_WARN_OBJC_IMPLICIT_RETAIN_SELF = YES;
				CLANG_WARN_OBJC_LITERAL_CONVERSION = YES;
				CLANG_WARN_OBJC_ROOT_CLASS = YES_ERROR;
				CLANG_WARN_QUOTED_INCLUDE_IN_FRAMEWORK_HEADER = YES;
				CLANG_WARN_RANGE_LOOP_ANALYSIS = YES;
				CLANG_WARN_STRICT_PROTOTYPES = YES;
				CLANG_WARN_SUSPICIOUS_MOVE = YES;
				CLANG_WARN_UNGUARDED_AVAILABILITY = YES_AGGRESSIVE;
				CLANG_WARN_UNREACHABLE_CODE = YES;
				CLANG_WARN__DUPLICATE_METHOD_MATCH = YES;
				COPY_PHASE_STRIP = NO;
				DEBUG_INFORMATION_FORMAT = dwarf;
				ENABLE_STRICT_OBJC_MSGSEND = YES;
				ENABLE_TESTABILITY = YES;
				GCC_C_LANGUAGE_STANDARD = gnu11;
				GCC_DYNAMIC_NO_PIC = NO;
				GCC_NO_COMMON_BLOCKS = YES;
				GCC_OPTIMIZATION_LEVEL = 0;
				GCC_PREPROCESSOR_DEFINITIONS = (
					"DEBUG=1",
					"$(inherited)",
				);
				GCC_WARN_64_TO_32_BIT_CONVERSION = YES;
				GCC_WARN_ABOUT_RETURN_TYPE = YES_ERROR;
				GCC_WARN_UNDECLARED_SELECTOR = YES;
				GCC_WARN_UNINITIALIZED_AUTOS = YES_AGGRESSIVE;
				GCC_WARN_UNUSED_FUNCTION = YES;
				GCC_WARN_UNUSED_VARIABLE = YES;
				IPHONEOS_DEPLOYMENT_TARGET = 16.4;
				MTL_ENABLE_DEBUG_INFO = INCLUDE_SOURCE;
				MTL_FAST_MATH = YES;
				ONLY_ACTIVE_ARCH = YES;
				SDKROOT = iphoneos;
				SWIFT_ACTIVE_COMPILATION_CONDITIONS = DEBUG;
				SWIFT_OPTIMIZATION_LEVEL = "-Onone";
			};
			name = Debug;
		};
		1DFF94ED2A96055200391FBE /* Release */ = {
			isa = XCBuildConfiguration;
			buildSettings = {
				ALWAYS_SEARCH_USER_PATHS = NO;
				CLANG_ANALYZER_NONNULL = YES;
				CLANG_ANALYZER_NUMBER_OBJECT_CONVERSION = YES_AGGRESSIVE;
				CLANG_CXX_LANGUAGE_STANDARD = "gnu++20";
				CLANG_ENABLE_MODULES = YES;
				CLANG_ENABLE_OBJC_ARC = YES;
				CLANG_ENABLE_OBJC_WEAK = YES;
				CLANG_WARN_BLOCK_CAPTURE_AUTORELEASING = YES;
				CLANG_WARN_BOOL_CONVERSION = YES;
				CLANG_WARN_COMMA = YES;
				CLANG_WARN_CONSTANT_CONVERSION = YES;
				CLANG_WARN_DEPRECATED_OBJC_IMPLEMENTATIONS = YES;
				CLANG_WARN_DIRECT_OBJC_ISA_USAGE = YES_ERROR;
				CLANG_WARN_DOCUMENTATION_COMMENTS = YES;
				CLANG_WARN_EMPTY_BODY = YES;
				CLANG_WARN_ENUM_CONVERSION = YES;
				CLANG_WARN_INFINITE_RECURSION = YES;
				CLANG_WARN_INT_CONVERSION = YES;
				CLANG_WARN_NON_LITERAL_NULL_CONVERSION = YES;
				CLANG_WARN_OBJC_IMPLICIT_RETAIN_SELF = YES;
				CLANG_WARN_OBJC_LITERAL_CONVERSION = YES;
				CLANG_WARN_OBJC_ROOT_CLASS = YES_ERROR;
				CLANG_WARN_QUOTED_INCLUDE_IN_FRAMEWORK_HEADER = YES;
				CLANG_WARN_RANGE_LOOP_ANALYSIS = YES;
				CLANG_WARN_STRICT_PROTOTYPES = YES;
				CLANG_WARN_SUSPICIOUS_MOVE = YES;
				CLANG_WARN_UNGUARDED_AVAILABILITY = YES_AGGRESSIVE;
				CLANG_WARN_UNREACHABLE_CODE = YES;
				CLANG_WARN__DUPLICATE_METHOD_MATCH = YES;
				COPY_PHASE_STRIP = NO;
				DEBUG_INFORMATION_FORMAT = "dwarf-with-dsym";
				ENABLE_NS_ASSERTIONS = NO;
				ENABLE_STRICT_OBJC_MSGSEND = YES;
				GCC_C_LANGUAGE_STANDARD = gnu11;
				GCC_NO_COMMON_BLOCKS = YES;
				GCC_WARN_64_TO_32_BIT_CONVERSION = YES;
				GCC_WARN_ABOUT_RETURN_TYPE = YES_ERROR;
				GCC_WARN_UNDECLARED_SELECTOR = YES;
				GCC_WARN_UNINITIALIZED_AUTOS = YES_AGGRESSIVE;
				GCC_WARN_UNUSED_FUNCTION = YES;
				GCC_WARN_UNUSED_VARIABLE = YES;
				IPHONEOS_DEPLOYMENT_TARGET = 16.4;
				MTL_ENABLE_DEBUG_INFO = NO;
				MTL_FAST_MATH = YES;
				SDKROOT = iphoneos;
				SWIFT_COMPILATION_MODE = wholemodule;
				SWIFT_OPTIMIZATION_LEVEL = "-O";
				VALIDATE_PRODUCT = YES;
			};
			name = Release;
		};
		1DFF94EF2A96055200391FBE /* Debug */ = {
			isa = XCBuildConfiguration;
			buildSettings = {
				ASSETCATALOG_COMPILER_APPICON_NAME = AppIcon;
				ASSETCATALOG_COMPILER_GLOBAL_ACCENT_COLOR_NAME = AccentColor;
				CODE_SIGN_STYLE = Automatic;
				CURRENT_PROJECT_VERSION = 1;
				DEVELOPMENT_TEAM = F8N5K6285G;
				GENERATE_INFOPLIST_FILE = YES;
				INFOPLIST_FILE = ColorsDescriptor/Info.plist;
				INFOPLIST_KEY_UIApplicationSupportsIndirectInputEvents = YES;
				INFOPLIST_KEY_UILaunchStoryboardName = LaunchScreen;
				INFOPLIST_KEY_UIMainStoryboardFile = Main;
				INFOPLIST_KEY_UISupportedInterfaceOrientations_iPad = "UIInterfaceOrientationPortrait UIInterfaceOrientationPortraitUpsideDown UIInterfaceOrientationLandscapeLeft UIInterfaceOrientationLandscapeRight";
				INFOPLIST_KEY_UISupportedInterfaceOrientations_iPhone = "UIInterfaceOrientationPortrait UIInterfaceOrientationLandscapeLeft UIInterfaceOrientationLandscapeRight";
				LD_RUNPATH_SEARCH_PATHS = (
					"$(inherited)",
					"@executable_path/Frameworks",
				);
				MARKETING_VERSION = 1.0;
				PRODUCT_BUNDLE_IDENTIFIER = BelalHmeidat.ColorsDescriptor;
				PRODUCT_NAME = "$(TARGET_NAME)";
				SWIFT_EMIT_LOC_STRINGS = YES;
				SWIFT_VERSION = 5.0;
				TARGETED_DEVICE_FAMILY = "1,2";
			};
			name = Debug;
		};
		1DFF94F02A96055200391FBE /* Release */ = {
			isa = XCBuildConfiguration;
			buildSettings = {
				ASSETCATALOG_COMPILER_APPICON_NAME = AppIcon;
				ASSETCATALOG_COMPILER_GLOBAL_ACCENT_COLOR_NAME = AccentColor;
				CODE_SIGN_STYLE = Automatic;
				CURRENT_PROJECT_VERSION = 1;
				DEVELOPMENT_TEAM = F8N5K6285G;
				GENERATE_INFOPLIST_FILE = YES;
				INFOPLIST_FILE = ColorsDescriptor/Info.plist;
				INFOPLIST_KEY_UIApplicationSupportsIndirectInputEvents = YES;
				INFOPLIST_KEY_UILaunchStoryboardName = LaunchScreen;
				INFOPLIST_KEY_UIMainStoryboardFile = Main;
				INFOPLIST_KEY_UISupportedInterfaceOrientations_iPad = "UIInterfaceOrientationPortrait UIInterfaceOrientationPortraitUpsideDown UIInterfaceOrientationLandscapeLeft UIInterfaceOrientationLandscapeRight";
				INFOPLIST_KEY_UISupportedInterfaceOrientations_iPhone = "UIInterfaceOrientationPortrait UIInterfaceOrientationLandscapeLeft UIInterfaceOrientationLandscapeRight";
				LD_RUNPATH_SEARCH_PATHS = (
					"$(inherited)",
					"@executable_path/Frameworks",
				);
				MARKETING_VERSION = 1.0;
				PRODUCT_BUNDLE_IDENTIFIER = BelalHmeidat.ColorsDescriptor;
				PRODUCT_NAME = "$(TARGET_NAME)";
				SWIFT_EMIT_LOC_STRINGS = YES;
				SWIFT_VERSION = 5.0;
				TARGETED_DEVICE_FAMILY = "1,2";
			};
			name = Release;
		};
/* End XCBuildConfiguration section */

/* Begin XCConfigurationList section */
		1DFF94D52A96055100391FBE /* Build configuration list for PBXProject "ColorsDescriptor" */ = {
			isa = XCConfigurationList;
			buildConfigurations = (
				1DFF94EC2A96055200391FBE /* Debug */,
				1DFF94ED2A96055200391FBE /* Release */,
			);
			defaultConfigurationIsVisible = 0;
			defaultConfigurationName = Release;
		};
		1DFF94EE2A96055200391FBE /* Build configuration list for PBXNativeTarget "ColorsDescriptor" */ = {
			isa = XCConfigurationList;
			buildConfigurations = (
				1DFF94EF2A96055200391FBE /* Debug */,
				1DFF94F02A96055200391FBE /* Release */,
			);
			defaultConfigurationIsVisible = 0;
			defaultConfigurationName = Release;
		};
/* End XCConfigurationList section */
	};
	rootObject = 1DFF94D22A96055100391FBE /* Project object */;
}
